// !$*UTF8*$!
{
	archiveVersion = 1;
	classes = {
	};
	objectVersion = 56;
	objects = {

/* Begin PBXBuildFile section */
		9F2EF6112C0331D600E20340 /* RestaurantMenuViewController.swift in Sources */ = {isa = PBXBuildFile; fileRef = 9F2EF6102C0331D600E20340 /* RestaurantMenuViewController.swift */; };
		9F2EF6132C0331FA00E20340 /* MenuItemCollectionViewCell.swift in Sources */ = {isa = PBXBuildFile; fileRef = 9F2EF6122C0331FA00E20340 /* MenuItemCollectionViewCell.swift */; };
		9F2EF6152C03442200E20340 /* MenuItemDetailViewController.swift in Sources */ = {isa = PBXBuildFile; fileRef = 9F2EF6142C03442200E20340 /* MenuItemDetailViewController.swift */; };
		9F2EF6192C035AB900E20340 /* CartModels.swift in Sources */ = {isa = PBXBuildFile; fileRef = 9F2EF6182C035AB900E20340 /* CartModels.swift */; };
		9F2EF6252C037B4600E20340 /* ProfileModels.swift in Sources */ = {isa = PBXBuildFile; fileRef = 9F2EF6242C037B4600E20340 /* ProfileModels.swift */; };
		9F2EF6272C037B6D00E20340 /* ProfilePresenter.swift in Sources */ = {isa = PBXBuildFile; fileRef = 9F2EF6262C037B6D00E20340 /* ProfilePresenter.swift */; };
		9F2EF6292C037BB000E20340 /* ProfileViewController.swift in Sources */ = {isa = PBXBuildFile; fileRef = 9F2EF6282C037BB000E20340 /* ProfileViewController.swift */; };
		9F2EF62C2C03809700E20340 /* ProfileOptionTableViewCell.swift in Sources */ = {isa = PBXBuildFile; fileRef = 9F2EF62B2C03809700E20340 /* ProfileOptionTableViewCell.swift */; };
		9F2EF62E2C03824800E20340 /* ChangePasswordViewController.swift in Sources */ = {isa = PBXBuildFile; fileRef = 9F2EF62D2C03824800E20340 /* ChangePasswordViewController.swift */; };
		9F2EF6302C038A3F00E20340 /* PaymentSettingsViewController.swift in Sources */ = {isa = PBXBuildFile; fileRef = 9F2EF62F2C038A3F00E20340 /* PaymentSettingsViewController.swift */; };
		9F2EF6322C038A6600E20340 /* AddCreditCardViewController.swift in Sources */ = {isa = PBXBuildFile; fileRef = 9F2EF6312C038A6600E20340 /* AddCreditCardViewController.swift */; };
		9F2EF6342C038A8F00E20340 /* PaymentMethodTableViewCell.swift in Sources */ = {isa = PBXBuildFile; fileRef = 9F2EF6332C038A8F00E20340 /* PaymentMethodTableViewCell.swift */; };
		9F2EF6362C038BC900E20340 /* PaymentModels.swift in Sources */ = {isa = PBXBuildFile; fileRef = 9F2EF6352C038BC900E20340 /* PaymentModels.swift */; };
		9F2EF6382C039A5D00E20340 /* PaymentMethodButtonView.swift in Sources */ = {isa = PBXBuildFile; fileRef = 9F2EF6372C039A5D00E20340 /* PaymentMethodButtonView.swift */; };
		9F6406992C04EF6100190AC0 /* OrderModels.swift in Sources */ = {isa = PBXBuildFile; fileRef = 9F6406982C04EF6100190AC0 /* OrderModels.swift */; };
		9F64069B2C04EFA200190AC0 /* CartViewController.swift in Sources */ = {isa = PBXBuildFile; fileRef = 9F64069A2C04EFA200190AC0 /* CartViewController.swift */; };
		9F64069E2C04EFD800190AC0 /* CartPresenter.swift in Sources */ = {isa = PBXBuildFile; fileRef = 9F64069D2C04EFD800190AC0 /* CartPresenter.swift */; };
		9F6406A02C04F19600190AC0 /* CartCoordinator.swift in Sources */ = {isa = PBXBuildFile; fileRef = 9F64069F2C04F19600190AC0 /* CartCoordinator.swift */; };
		9F6406A32C04F54F00190AC0 /* CartItemCell.swift in Sources */ = {isa = PBXBuildFile; fileRef = 9F6406A22C04F54F00190AC0 /* CartItemCell.swift */; };
		9F8AB9892C055435001E7B13 /* SignUpModels.swift in Sources */ = {isa = PBXBuildFile; fileRef = 9F8AB9882C055435001E7B13 /* SignUpModels.swift */; };
		9F8AB98B2C05545C001E7B13 /* SignUpRequest.swift in Sources */ = {isa = PBXBuildFile; fileRef = 9F8AB98A2C05545C001E7B13 /* SignUpRequest.swift */; };
		9F8AB98E2C057428001E7B13 /* SignInModels.swift in Sources */ = {isa = PBXBuildFile; fileRef = 9F8AB98D2C057428001E7B13 /* SignInModels.swift */; };
		9F8AB9902C057493001E7B13 /* SignInRequest.swift in Sources */ = {isa = PBXBuildFile; fileRef = 9F8AB98F2C057493001E7B13 /* SignInRequest.swift */; };
		9F8AB9942C057B62001E7B13 /* CategoriesRequest.swift in Sources */ = {isa = PBXBuildFile; fileRef = 9F8AB9932C057B62001E7B13 /* CategoriesRequest.swift */; };
		9FE71D952BFF329400B691E9 /* AppDelegate.swift in Sources */ = {isa = PBXBuildFile; fileRef = 9FE71D942BFF329400B691E9 /* AppDelegate.swift */; };
		9FE71D972BFF329400B691E9 /* SceneDelegate.swift in Sources */ = {isa = PBXBuildFile; fileRef = 9FE71D962BFF329400B691E9 /* SceneDelegate.swift */; };
		9FE71D9F2BFF329400B691E9 /* Food_delivery.xcdatamodeld in Sources */ = {isa = PBXBuildFile; fileRef = 9FE71D9D2BFF329400B691E9 /* Food_delivery.xcdatamodeld */; };
		9FE71DA12BFF329400B691E9 /* Assets.xcassets in Resources */ = {isa = PBXBuildFile; fileRef = 9FE71DA02BFF329400B691E9 /* Assets.xcassets */; };
		9FE71DA42BFF329400B691E9 /* Base in Resources */ = {isa = PBXBuildFile; fileRef = 9FE71DA32BFF329400B691E9 /* Base */; };
		9FE71DAC2BFF32AA00B691E9 /* ViewController.swift in Sources */ = {isa = PBXBuildFile; fileRef = 9FE71DAB2BFF32AA00B691E9 /* ViewController.swift */; };
		9FE71DBD2BFF3D2B00B691E9 /* LICENSE.txt in Resources */ = {isa = PBXBuildFile; fileRef = 9FE71DAF2BFF3D2B00B691E9 /* LICENSE.txt */; };
		9FE71DBE2BFF3D2B00B691E9 /* Roboto-Black.ttf in Resources */ = {isa = PBXBuildFile; fileRef = 9FE71DB02BFF3D2B00B691E9 /* Roboto-Black.ttf */; };
		9FE71DBF2BFF3D2B00B691E9 /* Roboto-BlackItalic.ttf in Resources */ = {isa = PBXBuildFile; fileRef = 9FE71DB12BFF3D2B00B691E9 /* Roboto-BlackItalic.ttf */; };
		9FE71DC02BFF3D2B00B691E9 /* Roboto-Bold.ttf in Resources */ = {isa = PBXBuildFile; fileRef = 9FE71DB22BFF3D2B00B691E9 /* Roboto-Bold.ttf */; };
		9FE71DC12BFF3D2B00B691E9 /* Roboto-BoldItalic.ttf in Resources */ = {isa = PBXBuildFile; fileRef = 9FE71DB32BFF3D2B00B691E9 /* Roboto-BoldItalic.ttf */; };
		9FE71DC22BFF3D2B00B691E9 /* Roboto-Italic.ttf in Resources */ = {isa = PBXBuildFile; fileRef = 9FE71DB42BFF3D2B00B691E9 /* Roboto-Italic.ttf */; };
		9FE71DC32BFF3D2B00B691E9 /* Roboto-Light.ttf in Resources */ = {isa = PBXBuildFile; fileRef = 9FE71DB52BFF3D2B00B691E9 /* Roboto-Light.ttf */; };
		9FE71DC42BFF3D2B00B691E9 /* Roboto-LightItalic.ttf in Resources */ = {isa = PBXBuildFile; fileRef = 9FE71DB62BFF3D2B00B691E9 /* Roboto-LightItalic.ttf */; };
		9FE71DC52BFF3D2B00B691E9 /* Roboto-Medium.ttf in Resources */ = {isa = PBXBuildFile; fileRef = 9FE71DB72BFF3D2B00B691E9 /* Roboto-Medium.ttf */; };
		9FE71DC62BFF3D2B00B691E9 /* Roboto-MediumItalic.ttf in Resources */ = {isa = PBXBuildFile; fileRef = 9FE71DB82BFF3D2B00B691E9 /* Roboto-MediumItalic.ttf */; };
		9FE71DC72BFF3D2B00B691E9 /* Roboto-Regular.ttf in Resources */ = {isa = PBXBuildFile; fileRef = 9FE71DB92BFF3D2B00B691E9 /* Roboto-Regular.ttf */; };
		9FE71DC82BFF3D2B00B691E9 /* Roboto-Thin.ttf in Resources */ = {isa = PBXBuildFile; fileRef = 9FE71DBA2BFF3D2B00B691E9 /* Roboto-Thin.ttf */; };
		9FE71DC92BFF3D2B00B691E9 /* Roboto-ThinItalic.ttf in Resources */ = {isa = PBXBuildFile; fileRef = 9FE71DBB2BFF3D2B00B691E9 /* Roboto-ThinItalic.ttf */; };
		9FE71DCC2BFF3FBE00B691E9 /* UIFont+Extension.swift in Sources */ = {isa = PBXBuildFile; fileRef = 9FE71DCB2BFF3FBE00B691E9 /* UIFont+Extension.swift */; };
		9FE71DCE2BFF485600B691E9 /* UIColor+extension.swift in Sources */ = {isa = PBXBuildFile; fileRef = 9FE71DCD2BFF485600B691E9 /* UIColor+extension.swift */; };
		9FE71DD12BFF498700B691E9 /* AppColors.swift in Sources */ = {isa = PBXBuildFile; fileRef = 9FE71DD02BFF498700B691E9 /* AppColors.swift */; };
		9FE71DD72BFF51F500B691E9 /* Coordinator.swift in Sources */ = {isa = PBXBuildFile; fileRef = 9FE71DD62BFF51F500B691E9 /* Coordinator.swift */; };
		9FE71DD92BFF564D00B691E9 /* AppCoordinator.swift in Sources */ = {isa = PBXBuildFile; fileRef = 9FE71DD82BFF564D00B691E9 /* AppCoordinator.swift */; };
		9FE71DDB2BFF575000B691E9 /* OnboardingCoordinator.swift in Sources */ = {isa = PBXBuildFile; fileRef = 9FE71DDA2BFF575000B691E9 /* OnboardingCoordinator.swift */; };
		9FE71DDD2BFF5B9100B691E9 /* HomeCoordinator.swift in Sources */ = {isa = PBXBuildFile; fileRef = 9FE71DDC2BFF5B9100B691E9 /* HomeCoordinator.swift */; };
		9FE71DE12BFF5C1000B691E9 /* ListCoordinator.swift in Sources */ = {isa = PBXBuildFile; fileRef = 9FE71DE02BFF5C1000B691E9 /* ListCoordinator.swift */; };
		9FE71DE32BFF5C1D00B691E9 /* ProfileCoordinator.swift in Sources */ = {isa = PBXBuildFile; fileRef = 9FE71DE22BFF5C1D00B691E9 /* ProfileCoordinator.swift */; };
		9FE71DE52BFF5C6200B691E9 /* TabBarController.swift in Sources */ = {isa = PBXBuildFile; fileRef = 9FE71DE42BFF5C6200B691E9 /* TabBarController.swift */; };
		9FE71DE92BFF907300B691E9 /* OnboardingViewController.swift in Sources */ = {isa = PBXBuildFile; fileRef = 9FE71DE82BFF907300B691E9 /* OnboardingViewController.swift */; };
		9FE71DEB2BFF90AD00B691E9 /* OnboardingViewPresenter.swift in Sources */ = {isa = PBXBuildFile; fileRef = 9FE71DEA2BFF90AD00B691E9 /* OnboardingViewPresenter.swift */; };
		9FE71DED2C00318100B691E9 /* OnboardingPartViewController.swift in Sources */ = {isa = PBXBuildFile; fileRef = 9FE71DEC2C00318100B691E9 /* OnboardingPartViewController.swift */; };
		9FE71DF02C0059B500B691E9 /* UserStorage.swift in Sources */ = {isa = PBXBuildFile; fileRef = 9FE71DEF2C0059B500B691E9 /* UserStorage.swift */; };
		9FE71DF32C006A6200B691E9 /* SceneFactory.swift in Sources */ = {isa = PBXBuildFile; fileRef = 9FE71DF22C006A6200B691E9 /* SceneFactory.swift */; };
		9FE71DF82C00756F00B691E9 /* LoginViewController.swift in Sources */ = {isa = PBXBuildFile; fileRef = 9FE71DF72C00756F00B691E9 /* LoginViewController.swift */; };
		9FE71DFD2C00771700B691E9 /* FDBottomView.swift in Sources */ = {isa = PBXBuildFile; fileRef = 9FE71DFC2C00771700B691E9 /* FDBottomView.swift */; };
		9FE71E022C009E6D00B691E9 /* FDButton.swift in Sources */ = {isa = PBXBuildFile; fileRef = 9FE71E012C009E6D00B691E9 /* FDButton.swift */; };
		9FE71E042C00F66000B691E9 /* FDTextField.swift in Sources */ = {isa = PBXBuildFile; fileRef = 9FE71E032C00F66000B691E9 /* FDTextField.swift */; };
		9FE71E062C00FE1900B691E9 /* LoginPresenter.swift in Sources */ = {isa = PBXBuildFile; fileRef = 9FE71E052C00FE1900B691E9 /* LoginPresenter.swift */; };
		9FE71E082C01E4E600B691E9 /* LoginCoordinator.swift in Sources */ = {isa = PBXBuildFile; fileRef = 9FE71E072C01E4E600B691E9 /* LoginCoordinator.swift */; };
		9FE71E0E2C02122D00B691E9 /* HomeViewController.swift in Sources */ = {isa = PBXBuildFile; fileRef = 9FE71E0D2C02122D00B691E9 /* HomeViewController.swift */; };
		9FE71E112C021CD400B691E9 /* SmallHCollectionViewCell.swift in Sources */ = {isa = PBXBuildFile; fileRef = 9FE71E102C021CD400B691E9 /* SmallHCollectionViewCell.swift */; };
		9FE71E132C02313B00B691E9 /* BigHCollectionViewCell.swift in Sources */ = {isa = PBXBuildFile; fileRef = 9FE71E122C02313B00B691E9 /* BigHCollectionViewCell.swift */; };
		9FE71E242C025CD300B691E9 /* HomePresenter.swift in Sources */ = {isa = PBXBuildFile; fileRef = 9FE71E232C025CD300B691E9 /* HomePresenter.swift */; };
		9FE71E272C0266AD00B691E9 /* HomeModels.swift in Sources */ = {isa = PBXBuildFile; fileRef = 9FE71E262C0266AD00B691E9 /* HomeModels.swift */; };
		9FE71E292C02794600B691E9 /* RestaurantCollectionViewCell.swift in Sources */ = {isa = PBXBuildFile; fileRef = 9FE71E282C02794600B691E9 /* RestaurantCollectionViewCell.swift */; };
		9FE71E2B2C02A03800B691E9 /* AdressView.swift in Sources */ = {isa = PBXBuildFile; fileRef = 9FE71E2A2C02A03800B691E9 /* AdressView.swift */; };
		9FE71E2D2C02A76800B691E9 /* MapViewController.swift in Sources */ = {isa = PBXBuildFile; fileRef = 9FE71E2C2C02A76800B691E9 /* MapViewController.swift */; };
		9FE71E2F2C02B7D900B691E9 /* FilteredRestaurantsViewController.swift in Sources */ = {isa = PBXBuildFile; fileRef = 9FE71E2E2C02B7D900B691E9 /* FilteredRestaurantsViewController.swift */; };
/* End PBXBuildFile section */

/* Begin PBXFileReference section */
		9F2EF6102C0331D600E20340 /* RestaurantMenuViewController.swift */ = {isa = PBXFileReference; lastKnownFileType = sourcecode.swift; path = RestaurantMenuViewController.swift; sourceTree = "<group>"; };
		9F2EF6122C0331FA00E20340 /* MenuItemCollectionViewCell.swift */ = {isa = PBXFileReference; lastKnownFileType = sourcecode.swift; path = MenuItemCollectionViewCell.swift; sourceTree = "<group>"; };
		9F2EF6142C03442200E20340 /* MenuItemDetailViewController.swift */ = {isa = PBXFileReference; lastKnownFileType = sourcecode.swift; path = MenuItemDetailViewController.swift; sourceTree = "<group>"; };
		9F2EF6182C035AB900E20340 /* CartModels.swift */ = {isa = PBXFileReference; lastKnownFileType = sourcecode.swift; path = CartModels.swift; sourceTree = "<group>"; };
		9F2EF6242C037B4600E20340 /* ProfileModels.swift */ = {isa = PBXFileReference; lastKnownFileType = sourcecode.swift; path = ProfileModels.swift; sourceTree = "<group>"; };
		9F2EF6262C037B6D00E20340 /* ProfilePresenter.swift */ = {isa = PBXFileReference; lastKnownFileType = sourcecode.swift; path = ProfilePresenter.swift; sourceTree = "<group>"; };
		9F2EF6282C037BB000E20340 /* ProfileViewController.swift */ = {isa = PBXFileReference; lastKnownFileType = sourcecode.swift; path = ProfileViewController.swift; sourceTree = "<group>"; };
		9F2EF62B2C03809700E20340 /* ProfileOptionTableViewCell.swift */ = {isa = PBXFileReference; lastKnownFileType = sourcecode.swift; path = ProfileOptionTableViewCell.swift; sourceTree = "<group>"; };
		9F2EF62D2C03824800E20340 /* ChangePasswordViewController.swift */ = {isa = PBXFileReference; lastKnownFileType = sourcecode.swift; path = ChangePasswordViewController.swift; sourceTree = "<group>"; };
		9F2EF62F2C038A3F00E20340 /* PaymentSettingsViewController.swift */ = {isa = PBXFileReference; lastKnownFileType = sourcecode.swift; path = PaymentSettingsViewController.swift; sourceTree = "<group>"; };
		9F2EF6312C038A6600E20340 /* AddCreditCardViewController.swift */ = {isa = PBXFileReference; lastKnownFileType = sourcecode.swift; path = AddCreditCardViewController.swift; sourceTree = "<group>"; };
		9F2EF6332C038A8F00E20340 /* PaymentMethodTableViewCell.swift */ = {isa = PBXFileReference; lastKnownFileType = sourcecode.swift; path = PaymentMethodTableViewCell.swift; sourceTree = "<group>"; };
		9F2EF6352C038BC900E20340 /* PaymentModels.swift */ = {isa = PBXFileReference; lastKnownFileType = sourcecode.swift; path = PaymentModels.swift; sourceTree = "<group>"; };
		9F2EF6372C039A5D00E20340 /* PaymentMethodButtonView.swift */ = {isa = PBXFileReference; lastKnownFileType = sourcecode.swift; path = PaymentMethodButtonView.swift; sourceTree = "<group>"; };
		9F6406982C04EF6100190AC0 /* OrderModels.swift */ = {isa = PBXFileReference; lastKnownFileType = sourcecode.swift; path = OrderModels.swift; sourceTree = "<group>"; };
		9F64069A2C04EFA200190AC0 /* CartViewController.swift */ = {isa = PBXFileReference; lastKnownFileType = sourcecode.swift; path = CartViewController.swift; sourceTree = "<group>"; };
		9F64069D2C04EFD800190AC0 /* CartPresenter.swift */ = {isa = PBXFileReference; lastKnownFileType = sourcecode.swift; path = CartPresenter.swift; sourceTree = "<group>"; };
		9F64069F2C04F19600190AC0 /* CartCoordinator.swift */ = {isa = PBXFileReference; lastKnownFileType = sourcecode.swift; path = CartCoordinator.swift; sourceTree = "<group>"; };
		9F6406A22C04F54F00190AC0 /* CartItemCell.swift */ = {isa = PBXFileReference; lastKnownFileType = sourcecode.swift; path = CartItemCell.swift; sourceTree = "<group>"; };
		9F8AB9882C055435001E7B13 /* SignUpModels.swift */ = {isa = PBXFileReference; lastKnownFileType = sourcecode.swift; path = SignUpModels.swift; sourceTree = "<group>"; };
		9F8AB98A2C05545C001E7B13 /* SignUpRequest.swift */ = {isa = PBXFileReference; lastKnownFileType = sourcecode.swift; path = SignUpRequest.swift; sourceTree = "<group>"; };
		9F8AB98D2C057428001E7B13 /* SignInModels.swift */ = {isa = PBXFileReference; lastKnownFileType = sourcecode.swift; path = SignInModels.swift; sourceTree = "<group>"; };
		9F8AB98F2C057493001E7B13 /* SignInRequest.swift */ = {isa = PBXFileReference; lastKnownFileType = sourcecode.swift; path = SignInRequest.swift; sourceTree = "<group>"; };
		9F8AB9932C057B62001E7B13 /* CategoriesRequest.swift */ = {isa = PBXFileReference; lastKnownFileType = sourcecode.swift; name = CategoriesRequest.swift; path = Category/CategoriesRequest.swift; sourceTree = "<group>"; };
		9FE71D912BFF329400B691E9 /* Food-delivery.app */ = {isa = PBXFileReference; explicitFileType = wrapper.application; includeInIndex = 0; path = "Food-delivery.app"; sourceTree = BUILT_PRODUCTS_DIR; };
		9FE71D942BFF329400B691E9 /* AppDelegate.swift */ = {isa = PBXFileReference; lastKnownFileType = sourcecode.swift; path = AppDelegate.swift; sourceTree = "<group>"; };
		9FE71D962BFF329400B691E9 /* SceneDelegate.swift */ = {isa = PBXFileReference; lastKnownFileType = sourcecode.swift; path = SceneDelegate.swift; sourceTree = "<group>"; };
		9FE71D9E2BFF329400B691E9 /* Food_delivery.xcdatamodel */ = {isa = PBXFileReference; lastKnownFileType = wrapper.xcdatamodel; path = Food_delivery.xcdatamodel; sourceTree = "<group>"; };
		9FE71DA02BFF329400B691E9 /* Assets.xcassets */ = {isa = PBXFileReference; lastKnownFileType = folder.assetcatalog; path = Assets.xcassets; sourceTree = "<group>"; };
		9FE71DA32BFF329400B691E9 /* Base */ = {isa = PBXFileReference; lastKnownFileType = file.storyboard; name = Base; path = Base.lproj/LaunchScreen.storyboard; sourceTree = "<group>"; };
		9FE71DA52BFF329400B691E9 /* Info.plist */ = {isa = PBXFileReference; lastKnownFileType = text.plist.xml; path = Info.plist; sourceTree = "<group>"; };
		9FE71DAB2BFF32AA00B691E9 /* ViewController.swift */ = {isa = PBXFileReference; lastKnownFileType = sourcecode.swift; path = ViewController.swift; sourceTree = "<group>"; };
		9FE71DAF2BFF3D2B00B691E9 /* LICENSE.txt */ = {isa = PBXFileReference; fileEncoding = 4; lastKnownFileType = text; path = LICENSE.txt; sourceTree = "<group>"; };
		9FE71DB02BFF3D2B00B691E9 /* Roboto-Black.ttf */ = {isa = PBXFileReference; lastKnownFileType = file; path = "Roboto-Black.ttf"; sourceTree = "<group>"; };
		9FE71DB12BFF3D2B00B691E9 /* Roboto-BlackItalic.ttf */ = {isa = PBXFileReference; lastKnownFileType = file; path = "Roboto-BlackItalic.ttf"; sourceTree = "<group>"; };
		9FE71DB22BFF3D2B00B691E9 /* Roboto-Bold.ttf */ = {isa = PBXFileReference; lastKnownFileType = file; path = "Roboto-Bold.ttf"; sourceTree = "<group>"; };
		9FE71DB32BFF3D2B00B691E9 /* Roboto-BoldItalic.ttf */ = {isa = PBXFileReference; lastKnownFileType = file; path = "Roboto-BoldItalic.ttf"; sourceTree = "<group>"; };
		9FE71DB42BFF3D2B00B691E9 /* Roboto-Italic.ttf */ = {isa = PBXFileReference; lastKnownFileType = file; path = "Roboto-Italic.ttf"; sourceTree = "<group>"; };
		9FE71DB52BFF3D2B00B691E9 /* Roboto-Light.ttf */ = {isa = PBXFileReference; lastKnownFileType = file; path = "Roboto-Light.ttf"; sourceTree = "<group>"; };
		9FE71DB62BFF3D2B00B691E9 /* Roboto-LightItalic.ttf */ = {isa = PBXFileReference; lastKnownFileType = file; path = "Roboto-LightItalic.ttf"; sourceTree = "<group>"; };
		9FE71DB72BFF3D2B00B691E9 /* Roboto-Medium.ttf */ = {isa = PBXFileReference; lastKnownFileType = file; path = "Roboto-Medium.ttf"; sourceTree = "<group>"; };
		9FE71DB82BFF3D2B00B691E9 /* Roboto-MediumItalic.ttf */ = {isa = PBXFileReference; lastKnownFileType = file; path = "Roboto-MediumItalic.ttf"; sourceTree = "<group>"; };
		9FE71DB92BFF3D2B00B691E9 /* Roboto-Regular.ttf */ = {isa = PBXFileReference; lastKnownFileType = file; path = "Roboto-Regular.ttf"; sourceTree = "<group>"; };
		9FE71DBA2BFF3D2B00B691E9 /* Roboto-Thin.ttf */ = {isa = PBXFileReference; lastKnownFileType = file; path = "Roboto-Thin.ttf"; sourceTree = "<group>"; };
		9FE71DBB2BFF3D2B00B691E9 /* Roboto-ThinItalic.ttf */ = {isa = PBXFileReference; lastKnownFileType = file; path = "Roboto-ThinItalic.ttf"; sourceTree = "<group>"; };
		9FE71DCB2BFF3FBE00B691E9 /* UIFont+Extension.swift */ = {isa = PBXFileReference; lastKnownFileType = sourcecode.swift; path = "UIFont+Extension.swift"; sourceTree = "<group>"; };
		9FE71DCD2BFF485600B691E9 /* UIColor+extension.swift */ = {isa = PBXFileReference; lastKnownFileType = sourcecode.swift; path = "UIColor+extension.swift"; sourceTree = "<group>"; };
		9FE71DD02BFF498700B691E9 /* AppColors.swift */ = {isa = PBXFileReference; lastKnownFileType = sourcecode.swift; path = AppColors.swift; sourceTree = "<group>"; };
		9FE71DD62BFF51F500B691E9 /* Coordinator.swift */ = {isa = PBXFileReference; lastKnownFileType = sourcecode.swift; path = Coordinator.swift; sourceTree = "<group>"; };
		9FE71DD82BFF564D00B691E9 /* AppCoordinator.swift */ = {isa = PBXFileReference; lastKnownFileType = sourcecode.swift; path = AppCoordinator.swift; sourceTree = "<group>"; };
		9FE71DDA2BFF575000B691E9 /* OnboardingCoordinator.swift */ = {isa = PBXFileReference; lastKnownFileType = sourcecode.swift; path = OnboardingCoordinator.swift; sourceTree = "<group>"; };
		9FE71DDC2BFF5B9100B691E9 /* HomeCoordinator.swift */ = {isa = PBXFileReference; lastKnownFileType = sourcecode.swift; path = HomeCoordinator.swift; sourceTree = "<group>"; };
		9FE71DE02BFF5C1000B691E9 /* ListCoordinator.swift */ = {isa = PBXFileReference; lastKnownFileType = sourcecode.swift; path = ListCoordinator.swift; sourceTree = "<group>"; };
		9FE71DE22BFF5C1D00B691E9 /* ProfileCoordinator.swift */ = {isa = PBXFileReference; lastKnownFileType = sourcecode.swift; path = ProfileCoordinator.swift; sourceTree = "<group>"; };
		9FE71DE42BFF5C6200B691E9 /* TabBarController.swift */ = {isa = PBXFileReference; lastKnownFileType = sourcecode.swift; path = TabBarController.swift; sourceTree = "<group>"; };
		9FE71DE82BFF907300B691E9 /* OnboardingViewController.swift */ = {isa = PBXFileReference; lastKnownFileType = sourcecode.swift; path = OnboardingViewController.swift; sourceTree = "<group>"; };
		9FE71DEA2BFF90AD00B691E9 /* OnboardingViewPresenter.swift */ = {isa = PBXFileReference; lastKnownFileType = sourcecode.swift; path = OnboardingViewPresenter.swift; sourceTree = "<group>"; };
		9FE71DEC2C00318100B691E9 /* OnboardingPartViewController.swift */ = {isa = PBXFileReference; lastKnownFileType = sourcecode.swift; path = OnboardingPartViewController.swift; sourceTree = "<group>"; };
		9FE71DEF2C0059B500B691E9 /* UserStorage.swift */ = {isa = PBXFileReference; lastKnownFileType = sourcecode.swift; path = UserStorage.swift; sourceTree = "<group>"; };
		9FE71DF22C006A6200B691E9 /* SceneFactory.swift */ = {isa = PBXFileReference; lastKnownFileType = sourcecode.swift; path = SceneFactory.swift; sourceTree = "<group>"; };
		9FE71DF72C00756F00B691E9 /* LoginViewController.swift */ = {isa = PBXFileReference; lastKnownFileType = sourcecode.swift; path = LoginViewController.swift; sourceTree = "<group>"; };
		9FE71DFC2C00771700B691E9 /* FDBottomView.swift */ = {isa = PBXFileReference; lastKnownFileType = sourcecode.swift; path = FDBottomView.swift; sourceTree = "<group>"; };
		9FE71E012C009E6D00B691E9 /* FDButton.swift */ = {isa = PBXFileReference; lastKnownFileType = sourcecode.swift; path = FDButton.swift; sourceTree = "<group>"; };
		9FE71E032C00F66000B691E9 /* FDTextField.swift */ = {isa = PBXFileReference; lastKnownFileType = sourcecode.swift; path = FDTextField.swift; sourceTree = "<group>"; };
		9FE71E052C00FE1900B691E9 /* LoginPresenter.swift */ = {isa = PBXFileReference; lastKnownFileType = sourcecode.swift; path = LoginPresenter.swift; sourceTree = "<group>"; };
		9FE71E072C01E4E600B691E9 /* LoginCoordinator.swift */ = {isa = PBXFileReference; lastKnownFileType = sourcecode.swift; path = LoginCoordinator.swift; sourceTree = "<group>"; };
		9FE71E0D2C02122D00B691E9 /* HomeViewController.swift */ = {isa = PBXFileReference; lastKnownFileType = sourcecode.swift; path = HomeViewController.swift; sourceTree = "<group>"; };
		9FE71E102C021CD400B691E9 /* SmallHCollectionViewCell.swift */ = {isa = PBXFileReference; lastKnownFileType = sourcecode.swift; path = SmallHCollectionViewCell.swift; sourceTree = "<group>"; };
		9FE71E122C02313B00B691E9 /* BigHCollectionViewCell.swift */ = {isa = PBXFileReference; lastKnownFileType = sourcecode.swift; path = BigHCollectionViewCell.swift; sourceTree = "<group>"; };
		9FE71E232C025CD300B691E9 /* HomePresenter.swift */ = {isa = PBXFileReference; lastKnownFileType = sourcecode.swift; path = HomePresenter.swift; sourceTree = "<group>"; };
		9FE71E262C0266AD00B691E9 /* HomeModels.swift */ = {isa = PBXFileReference; lastKnownFileType = sourcecode.swift; path = HomeModels.swift; sourceTree = "<group>"; };
		9FE71E282C02794600B691E9 /* RestaurantCollectionViewCell.swift */ = {isa = PBXFileReference; lastKnownFileType = sourcecode.swift; path = RestaurantCollectionViewCell.swift; sourceTree = "<group>"; };
		9FE71E2A2C02A03800B691E9 /* AdressView.swift */ = {isa = PBXFileReference; lastKnownFileType = sourcecode.swift; path = AdressView.swift; sourceTree = "<group>"; };
		9FE71E2C2C02A76800B691E9 /* MapViewController.swift */ = {isa = PBXFileReference; lastKnownFileType = sourcecode.swift; path = MapViewController.swift; sourceTree = "<group>"; };
		9FE71E2E2C02B7D900B691E9 /* FilteredRestaurantsViewController.swift */ = {isa = PBXFileReference; lastKnownFileType = sourcecode.swift; path = FilteredRestaurantsViewController.swift; sourceTree = "<group>"; };
/* End PBXFileReference section */

/* Begin PBXFrameworksBuildPhase section */
		9FE71D8E2BFF329400B691E9 /* Frameworks */ = {
			isa = PBXFrameworksBuildPhase;
			buildActionMask = 2147483647;
			files = (
			);
			runOnlyForDeploymentPostprocessing = 0;
		};
/* End PBXFrameworksBuildPhase section */

/* Begin PBXGroup section */
		9F2EF6162C034ABE00E20340 /* CartScene */ = {
			isa = PBXGroup;
			children = (
				9F6406A12C04F4FF00190AC0 /* Views */,
				9F64069C2C04EFBD00190AC0 /* Presenters */,
				9F2EF61F2C036AB800E20340 /* Controllers */,
				9F2EF6172C035A9F00E20340 /* Models */,
			);
			path = CartScene;
			sourceTree = "<group>";
		};
		9F2EF6172C035A9F00E20340 /* Models */ = {
			isa = PBXGroup;
			children = (
				9F2EF6182C035AB900E20340 /* CartModels.swift */,
			);
			path = Models;
			sourceTree = "<group>";
		};
		9F2EF61F2C036AB800E20340 /* Controllers */ = {
			isa = PBXGroup;
			children = (
				9F64069A2C04EFA200190AC0 /* CartViewController.swift */,
			);
			path = Controllers;
			sourceTree = "<group>";
		};
		9F2EF6202C037AE300E20340 /* ProfileScene */ = {
			isa = PBXGroup;
			children = (
				9F2EF62A2C03807900E20340 /* Views */,
				9F2EF6232C037B2D00E20340 /* Controllers */,
				9F2EF6222C037B2300E20340 /* Presenters */,
				9F2EF6212C037B1A00E20340 /* Models */,
			);
			path = ProfileScene;
			sourceTree = "<group>";
		};
		9F2EF6212C037B1A00E20340 /* Models */ = {
			isa = PBXGroup;
			children = (
				9F2EF6242C037B4600E20340 /* ProfileModels.swift */,
				9F2EF6352C038BC900E20340 /* PaymentModels.swift */,
			);
			path = Models;
			sourceTree = "<group>";
		};
		9F2EF6222C037B2300E20340 /* Presenters */ = {
			isa = PBXGroup;
			children = (
				9F2EF6262C037B6D00E20340 /* ProfilePresenter.swift */,
			);
			path = Presenters;
			sourceTree = "<group>";
		};
		9F2EF6232C037B2D00E20340 /* Controllers */ = {
			isa = PBXGroup;
			children = (
				9F2EF6282C037BB000E20340 /* ProfileViewController.swift */,
				9F2EF62D2C03824800E20340 /* ChangePasswordViewController.swift */,
				9F2EF62F2C038A3F00E20340 /* PaymentSettingsViewController.swift */,
				9F2EF6312C038A6600E20340 /* AddCreditCardViewController.swift */,
			);
			path = Controllers;
			sourceTree = "<group>";
		};
		9F2EF62A2C03807900E20340 /* Views */ = {
			isa = PBXGroup;
			children = (
				9F2EF62B2C03809700E20340 /* ProfileOptionTableViewCell.swift */,
				9F2EF6332C038A8F00E20340 /* PaymentMethodTableViewCell.swift */,
				9F2EF6372C039A5D00E20340 /* PaymentMethodButtonView.swift */,
			);
			path = Views;
			sourceTree = "<group>";
		};
		9F6406942C04EC6400190AC0 /* OrderScene */ = {
			isa = PBXGroup;
			children = (
				9F6406972C04EF1D00190AC0 /* Controllers */,
				9F6406962C04EF1200190AC0 /* Models */,
			);
			path = OrderScene;
			sourceTree = "<group>";
		};
		9F6406962C04EF1200190AC0 /* Models */ = {
			isa = PBXGroup;
			children = (
				9F6406982C04EF6100190AC0 /* OrderModels.swift */,
			);
			path = Models;
			sourceTree = "<group>";
		};
		9F6406972C04EF1D00190AC0 /* Controllers */ = {
			isa = PBXGroup;
			children = (
			);
			path = Controllers;
			sourceTree = "<group>";
		};
		9F64069C2C04EFBD00190AC0 /* Presenters */ = {
			isa = PBXGroup;
			children = (
				9F64069D2C04EFD800190AC0 /* CartPresenter.swift */,
			);
			path = Presenters;
			sourceTree = "<group>";
		};
		9F6406A12C04F4FF00190AC0 /* Views */ = {
			isa = PBXGroup;
			children = (
				9F6406A22C04F54F00190AC0 /* CartItemCell.swift */,
			);
			path = Views;
			sourceTree = "<group>";
		};
		9F8AB9862C05531E001E7B13 /* IntegrationWithBack */ = {
			isa = PBXGroup;
			children = (
				9F8AB98C2C0573B0001E7B13 /* Auth */,
				9F8AB9872C05533B001E7B13 /* Reg */,
			);
			path = IntegrationWithBack;
			sourceTree = "<group>";
		};
		9F8AB9872C05533B001E7B13 /* Reg */ = {
			isa = PBXGroup;
			children = (
				9F8AB9882C055435001E7B13 /* SignUpModels.swift */,
				9F8AB98A2C05545C001E7B13 /* SignUpRequest.swift */,
			);
			path = Reg;
			sourceTree = "<group>";
		};
		9F8AB98C2C0573B0001E7B13 /* Auth */ = {
			isa = PBXGroup;
			children = (
				9F8AB98D2C057428001E7B13 /* SignInModels.swift */,
				9F8AB98F2C057493001E7B13 /* SignInRequest.swift */,
			);
			path = Auth;
			sourceTree = "<group>";
		};
		9F8AB9912C057AF7001E7B13 /* IntegrationWithBack */ = {
			isa = PBXGroup;
			children = (
				9F8AB9932C057B62001E7B13 /* CategoriesRequest.swift */,
			);
			path = IntegrationWithBack;
			sourceTree = "<group>";
		};
		9FE71D882BFF329400B691E9 = {
			isa = PBXGroup;
			children = (
				9FE71D932BFF329400B691E9 /* Food-delivery */,
				9FE71D922BFF329400B691E9 /* Products */,
			);
			sourceTree = "<group>";
		};
		9FE71D922BFF329400B691E9 /* Products */ = {
			isa = PBXGroup;
			children = (
				9FE71D912BFF329400B691E9 /* Food-delivery.app */,
			);
			name = Products;
			sourceTree = "<group>";
		};
		9FE71D932BFF329400B691E9 /* Food-delivery */ = {
			isa = PBXGroup;
			children = (
				9FE71DEE2C00599B00B691E9 /* ServicesLayer */,
				9FE71DE62BFF902200B691E9 /* UILayer */,
				9FE71DD22BFF51B100B691E9 /* NavigationLayer */,
				9FE71DAD2BFF3D0300B691E9 /* Resources */,
				9FE71D942BFF329400B691E9 /* AppDelegate.swift */,
				9FE71D962BFF329400B691E9 /* SceneDelegate.swift */,
				9FE71DA02BFF329400B691E9 /* Assets.xcassets */,
				9FE71DA22BFF329400B691E9 /* LaunchScreen.storyboard */,
				9FE71DA52BFF329400B691E9 /* Info.plist */,
				9FE71D9D2BFF329400B691E9 /* Food_delivery.xcdatamodeld */,
				9FE71DAB2BFF32AA00B691E9 /* ViewController.swift */,
			);
			path = "Food-delivery";
			sourceTree = "<group>";
		};
		9FE71DAD2BFF3D0300B691E9 /* Resources */ = {
			isa = PBXGroup;
			children = (
				9FE71DD02BFF498700B691E9 /* AppColors.swift */,
				9FE71DCA2BFF3F9500B691E9 /* Extensions */,
				9FE71DAE2BFF3D1500B691E9 /* Fonts */,
			);
			path = Resources;
			sourceTree = "<group>";
		};
		9FE71DAE2BFF3D1500B691E9 /* Fonts */ = {
			isa = PBXGroup;
			children = (
				9FE71DBC2BFF3D2B00B691E9 /* Roboto */,
			);
			path = Fonts;
			sourceTree = "<group>";
		};
		9FE71DBC2BFF3D2B00B691E9 /* Roboto */ = {
			isa = PBXGroup;
			children = (
				9FE71DAF2BFF3D2B00B691E9 /* LICENSE.txt */,
				9FE71DB02BFF3D2B00B691E9 /* Roboto-Black.ttf */,
				9FE71DB12BFF3D2B00B691E9 /* Roboto-BlackItalic.ttf */,
				9FE71DB22BFF3D2B00B691E9 /* Roboto-Bold.ttf */,
				9FE71DB32BFF3D2B00B691E9 /* Roboto-BoldItalic.ttf */,
				9FE71DB42BFF3D2B00B691E9 /* Roboto-Italic.ttf */,
				9FE71DB52BFF3D2B00B691E9 /* Roboto-Light.ttf */,
				9FE71DB62BFF3D2B00B691E9 /* Roboto-LightItalic.ttf */,
				9FE71DB72BFF3D2B00B691E9 /* Roboto-Medium.ttf */,
				9FE71DB82BFF3D2B00B691E9 /* Roboto-MediumItalic.ttf */,
				9FE71DB92BFF3D2B00B691E9 /* Roboto-Regular.ttf */,
				9FE71DBA2BFF3D2B00B691E9 /* Roboto-Thin.ttf */,
				9FE71DBB2BFF3D2B00B691E9 /* Roboto-ThinItalic.ttf */,
			);
			path = Roboto;
			sourceTree = "<group>";
		};
		9FE71DCA2BFF3F9500B691E9 /* Extensions */ = {
			isa = PBXGroup;
			children = (
				9FE71DCB2BFF3FBE00B691E9 /* UIFont+Extension.swift */,
				9FE71DCD2BFF485600B691E9 /* UIColor+extension.swift */,
			);
			path = Extensions;
			sourceTree = "<group>";
		};
		9FE71DD22BFF51B100B691E9 /* NavigationLayer */ = {
			isa = PBXGroup;
			children = (
				9FE71DD52BFF51DD00B691E9 /* Coordinators */,
				9FE71DD32BFF51C600B691E9 /* Controllers */,
			);
			path = NavigationLayer;
			sourceTree = "<group>";
		};
		9FE71DD32BFF51C600B691E9 /* Controllers */ = {
			isa = PBXGroup;
			children = (
				9FE71DE42BFF5C6200B691E9 /* TabBarController.swift */,
			);
			path = Controllers;
			sourceTree = "<group>";
		};
		9FE71DD52BFF51DD00B691E9 /* Coordinators */ = {
			isa = PBXGroup;
			children = (
				9FE71DD62BFF51F500B691E9 /* Coordinator.swift */,
				9FE71DD82BFF564D00B691E9 /* AppCoordinator.swift */,
				9FE71DDA2BFF575000B691E9 /* OnboardingCoordinator.swift */,
				9FE71E072C01E4E600B691E9 /* LoginCoordinator.swift */,
				9FE71DDC2BFF5B9100B691E9 /* HomeCoordinator.swift */,
				9FE71DE02BFF5C1000B691E9 /* ListCoordinator.swift */,
				9FE71DE22BFF5C1D00B691E9 /* ProfileCoordinator.swift */,
				9F64069F2C04F19600190AC0 /* CartCoordinator.swift */,
			);
			path = Coordinators;
			sourceTree = "<group>";
		};
		9FE71DE62BFF902200B691E9 /* UILayer */ = {
			isa = PBXGroup;
			children = (
				9FE71E002C009E1800B691E9 /* Scenes */,
				9FE71DFF2C009E1000B691E9 /* Factory */,
				9FE71DFE2C009E0300B691E9 /* Views */,
			);
			path = UILayer;
			sourceTree = "<group>";
		};
		9FE71DE72BFF905B00B691E9 /* OnboardingScene */ = {
			isa = PBXGroup;
			children = (
				9FE71DE82BFF907300B691E9 /* OnboardingViewController.swift */,
				9FE71DEA2BFF90AD00B691E9 /* OnboardingViewPresenter.swift */,
				9FE71DEC2C00318100B691E9 /* OnboardingPartViewController.swift */,
			);
			path = OnboardingScene;
			sourceTree = "<group>";
		};
		9FE71DEE2C00599B00B691E9 /* ServicesLayer */ = {
			isa = PBXGroup;
			children = (
				9FE71DEF2C0059B500B691E9 /* UserStorage.swift */,
			);
			path = ServicesLayer;
			sourceTree = "<group>";
		};
		9FE71DF12C006A4600B691E9 /* SceneFactory */ = {
			isa = PBXGroup;
			children = (
				9FE71DF22C006A6200B691E9 /* SceneFactory.swift */,
			);
			path = SceneFactory;
			sourceTree = "<group>";
		};
		9FE71DF42C0074FB00B691E9 /* AuthScene */ = {
			isa = PBXGroup;
			children = (
				9F8AB9862C05531E001E7B13 /* IntegrationWithBack */,
				9FE71DFB2C0076B400B691E9 /* Presenters */,
				9FE71DF92C00769500B691E9 /* Views */,
				9FE71DFA2C0076A800B691E9 /* Controllers */,
			);
			path = AuthScene;
			sourceTree = "<group>";
		};
		9FE71DF92C00769500B691E9 /* Views */ = {
			isa = PBXGroup;
			children = (
				9FE71DFC2C00771700B691E9 /* FDBottomView.swift */,
			);
			path = Views;
			sourceTree = "<group>";
		};
		9FE71DFA2C0076A800B691E9 /* Controllers */ = {
			isa = PBXGroup;
			children = (
				9FE71DF72C00756F00B691E9 /* LoginViewController.swift */,
			);
			path = Controllers;
			sourceTree = "<group>";
		};
		9FE71DFB2C0076B400B691E9 /* Presenters */ = {
			isa = PBXGroup;
			children = (
				9FE71E052C00FE1900B691E9 /* LoginPresenter.swift */,
			);
			path = Presenters;
			sourceTree = "<group>";
		};
		9FE71DFE2C009E0300B691E9 /* Views */ = {
			isa = PBXGroup;
			children = (
				9FE71E012C009E6D00B691E9 /* FDButton.swift */,
				9FE71E032C00F66000B691E9 /* FDTextField.swift */,
			);
			path = Views;
			sourceTree = "<group>";
		};
		9FE71DFF2C009E1000B691E9 /* Factory */ = {
			isa = PBXGroup;
			children = (
				9FE71DF12C006A4600B691E9 /* SceneFactory */,
			);
			path = Factory;
			sourceTree = "<group>";
		};
		9FE71E002C009E1800B691E9 /* Scenes */ = {
			isa = PBXGroup;
			children = (
				9FE71DE72BFF905B00B691E9 /* OnboardingScene */,
				9FE71DF42C0074FB00B691E9 /* AuthScene */,
				9FE71E092C0211E100B691E9 /* HomeScene */,
				9F2EF6162C034ABE00E20340 /* CartScene */,
				9F6406942C04EC6400190AC0 /* OrderScene */,
				9F2EF6202C037AE300E20340 /* ProfileScene */,
			);
			path = Scenes;
			sourceTree = "<group>";
		};
		9FE71E092C0211E100B691E9 /* HomeScene */ = {
			isa = PBXGroup;
			children = (
				9F8AB9912C057AF7001E7B13 /* IntegrationWithBack */,
				9FE71E252C02669700B691E9 /* Models */,
				9FE71E0C2C02120B00B691E9 /* Views */,
				9FE71E0B2C0211FF00B691E9 /* Controllers */,
				9FE71E0A2C0211EF00B691E9 /* Presenters */,
			);
			path = HomeScene;
			sourceTree = "<group>";
		};
		9FE71E0A2C0211EF00B691E9 /* Presenters */ = {
			isa = PBXGroup;
			children = (
				9FE71E232C025CD300B691E9 /* HomePresenter.swift */,
			);
			path = Presenters;
			sourceTree = "<group>";
		};
		9FE71E0B2C0211FF00B691E9 /* Controllers */ = {
			isa = PBXGroup;
			children = (
				9FE71E0D2C02122D00B691E9 /* HomeViewController.swift */,
				9FE71E2C2C02A76800B691E9 /* MapViewController.swift */,
				9FE71E2E2C02B7D900B691E9 /* FilteredRestaurantsViewController.swift */,
				9F2EF6102C0331D600E20340 /* RestaurantMenuViewController.swift */,
				9F2EF6142C03442200E20340 /* MenuItemDetailViewController.swift */,
			);
			path = Controllers;
			sourceTree = "<group>";
		};
		9FE71E0C2C02120B00B691E9 /* Views */ = {
			isa = PBXGroup;
			children = (
				9FE71E0F2C021C9900B691E9 /* CollectionViewCells */,
				9FE71E2A2C02A03800B691E9 /* AdressView.swift */,
			);
			path = Views;
			sourceTree = "<group>";
		};
		9FE71E0F2C021C9900B691E9 /* CollectionViewCells */ = {
			isa = PBXGroup;
			children = (
				9FE71E102C021CD400B691E9 /* SmallHCollectionViewCell.swift */,
				9FE71E122C02313B00B691E9 /* BigHCollectionViewCell.swift */,
				9FE71E282C02794600B691E9 /* RestaurantCollectionViewCell.swift */,
				9F2EF6122C0331FA00E20340 /* MenuItemCollectionViewCell.swift */,
			);
			path = CollectionViewCells;
			sourceTree = "<group>";
		};
		9FE71E252C02669700B691E9 /* Models */ = {
			isa = PBXGroup;
			children = (
				9FE71E262C0266AD00B691E9 /* HomeModels.swift */,
			);
			path = Models;
			sourceTree = "<group>";
		};
/* End PBXGroup section */

/* Begin PBXNativeTarget section */
		9FE71D902BFF329400B691E9 /* Food-delivery */ = {
			isa = PBXNativeTarget;
			buildConfigurationList = 9FE71DA82BFF329400B691E9 /* Build configuration list for PBXNativeTarget "Food-delivery" */;
			buildPhases = (
				9FE71D8D2BFF329400B691E9 /* Sources */,
				9FE71D8E2BFF329400B691E9 /* Frameworks */,
				9FE71D8F2BFF329400B691E9 /* Resources */,
			);
			buildRules = (
			);
			dependencies = (
			);
			name = "Food-delivery";
			packageProductDependencies = (
			);
			productName = "Food-delivery";
			productReference = 9FE71D912BFF329400B691E9 /* Food-delivery.app */;
			productType = "com.apple.product-type.application";
		};
/* End PBXNativeTarget section */

/* Begin PBXProject section */
		9FE71D892BFF329400B691E9 /* Project object */ = {
			isa = PBXProject;
			attributes = {
				BuildIndependentTargetsInParallel = 1;
				LastSwiftUpdateCheck = 1540;
				LastUpgradeCheck = 1540;
				TargetAttributes = {
					9FE71D902BFF329400B691E9 = {
						CreatedOnToolsVersion = 15.4;
					};
				};
			};
			buildConfigurationList = 9FE71D8C2BFF329400B691E9 /* Build configuration list for PBXProject "Food-delivery" */;
			compatibilityVersion = "Xcode 14.0";
			developmentRegion = en;
			hasScannedForEncodings = 0;
			knownRegions = (
				en,
				Base,
			);
			mainGroup = 9FE71D882BFF329400B691E9;
			packageReferences = (
				9FE71E162C02432F00B691E9 /* XCRemoteSwiftPackageReference "firebase-ios-sdk" */,
			);
			productRefGroup = 9FE71D922BFF329400B691E9 /* Products */;
			projectDirPath = "";
			projectRoot = "";
			targets = (
				9FE71D902BFF329400B691E9 /* Food-delivery */,
			);
		};
/* End PBXProject section */

/* Begin PBXResourcesBuildPhase section */
		9FE71D8F2BFF329400B691E9 /* Resources */ = {
			isa = PBXResourcesBuildPhase;
			buildActionMask = 2147483647;
			files = (
				9FE71DC92BFF3D2B00B691E9 /* Roboto-ThinItalic.ttf in Resources */,
				9FE71DC82BFF3D2B00B691E9 /* Roboto-Thin.ttf in Resources */,
				9FE71DBD2BFF3D2B00B691E9 /* LICENSE.txt in Resources */,
				9FE71DA12BFF329400B691E9 /* Assets.xcassets in Resources */,
				9FE71DC42BFF3D2B00B691E9 /* Roboto-LightItalic.ttf in Resources */,
				9FE71DC02BFF3D2B00B691E9 /* Roboto-Bold.ttf in Resources */,
				9FE71DC62BFF3D2B00B691E9 /* Roboto-MediumItalic.ttf in Resources */,
				9FE71DBF2BFF3D2B00B691E9 /* Roboto-BlackItalic.ttf in Resources */,
				9FE71DA42BFF329400B691E9 /* Base in Resources */,
				9FE71DC22BFF3D2B00B691E9 /* Roboto-Italic.ttf in Resources */,
				9FE71DC12BFF3D2B00B691E9 /* Roboto-BoldItalic.ttf in Resources */,
				9FE71DC52BFF3D2B00B691E9 /* Roboto-Medium.ttf in Resources */,
				9FE71DC72BFF3D2B00B691E9 /* Roboto-Regular.ttf in Resources */,
				9FE71DBE2BFF3D2B00B691E9 /* Roboto-Black.ttf in Resources */,
				9FE71DC32BFF3D2B00B691E9 /* Roboto-Light.ttf in Resources */,
			);
			runOnlyForDeploymentPostprocessing = 0;
		};
/* End PBXResourcesBuildPhase section */

/* Begin PBXSourcesBuildPhase section */
		9FE71D8D2BFF329400B691E9 /* Sources */ = {
			isa = PBXSourcesBuildPhase;
			buildActionMask = 2147483647;
			files = (
				9FE71DF82C00756F00B691E9 /* LoginViewController.swift in Sources */,
				9FE71E292C02794600B691E9 /* RestaurantCollectionViewCell.swift in Sources */,
				9FE71E112C021CD400B691E9 /* SmallHCollectionViewCell.swift in Sources */,
				9FE71DD72BFF51F500B691E9 /* Coordinator.swift in Sources */,
				9F64069E2C04EFD800190AC0 /* CartPresenter.swift in Sources */,
				9FE71E242C025CD300B691E9 /* HomePresenter.swift in Sources */,
				9FE71D9F2BFF329400B691E9 /* Food_delivery.xcdatamodeld in Sources */,
				9F2EF6382C039A5D00E20340 /* PaymentMethodButtonView.swift in Sources */,
				9F2EF6292C037BB000E20340 /* ProfileViewController.swift in Sources */,
				9FE71D952BFF329400B691E9 /* AppDelegate.swift in Sources */,
				9FE71E132C02313B00B691E9 /* BigHCollectionViewCell.swift in Sources */,
				9F2EF6272C037B6D00E20340 /* ProfilePresenter.swift in Sources */,
				9F2EF6362C038BC900E20340 /* PaymentModels.swift in Sources */,
				9FE71E082C01E4E600B691E9 /* LoginCoordinator.swift in Sources */,
				9F64069B2C04EFA200190AC0 /* CartViewController.swift in Sources */,
				9FE71DE52BFF5C6200B691E9 /* TabBarController.swift in Sources */,
				9F8AB9902C057493001E7B13 /* SignInRequest.swift in Sources */,
				9FE71E062C00FE1900B691E9 /* LoginPresenter.swift in Sources */,
				9FE71DF02C0059B500B691E9 /* UserStorage.swift in Sources */,
				9FE71DE12BFF5C1000B691E9 /* ListCoordinator.swift in Sources */,
				9FE71E042C00F66000B691E9 /* FDTextField.swift in Sources */,
				9F2EF62C2C03809700E20340 /* ProfileOptionTableViewCell.swift in Sources */,
				9FE71DAC2BFF32AA00B691E9 /* ViewController.swift in Sources */,
				9F2EF6192C035AB900E20340 /* CartModels.swift in Sources */,
				9F2EF6302C038A3F00E20340 /* PaymentSettingsViewController.swift in Sources */,
				9FE71DCE2BFF485600B691E9 /* UIColor+extension.swift in Sources */,
				9FE71E022C009E6D00B691E9 /* FDButton.swift in Sources */,
				9F2EF6152C03442200E20340 /* MenuItemDetailViewController.swift in Sources */,
				9FE71DD12BFF498700B691E9 /* AppColors.swift in Sources */,
				9FE71E0E2C02122D00B691E9 /* HomeViewController.swift in Sources */,
				9FE71DD92BFF564D00B691E9 /* AppCoordinator.swift in Sources */,
				9FE71E2B2C02A03800B691E9 /* AdressView.swift in Sources */,
				9FE71DE32BFF5C1D00B691E9 /* ProfileCoordinator.swift in Sources */,
				9F6406A32C04F54F00190AC0 /* CartItemCell.swift in Sources */,
				9F6406A02C04F19600190AC0 /* CartCoordinator.swift in Sources */,
				9FE71DF32C006A6200B691E9 /* SceneFactory.swift in Sources */,
				9F2EF6132C0331FA00E20340 /* MenuItemCollectionViewCell.swift in Sources */,
				9F2EF6342C038A8F00E20340 /* PaymentMethodTableViewCell.swift in Sources */,
				9FE71E272C0266AD00B691E9 /* HomeModels.swift in Sources */,
				9F6406992C04EF6100190AC0 /* OrderModels.swift in Sources */,
				9FE71DEB2BFF90AD00B691E9 /* OnboardingViewPresenter.swift in Sources */,
				9FE71DCC2BFF3FBE00B691E9 /* UIFont+Extension.swift in Sources */,
				9FE71DFD2C00771700B691E9 /* FDBottomView.swift in Sources */,
				9FE71DED2C00318100B691E9 /* OnboardingPartViewController.swift in Sources */,
				9FE71DE92BFF907300B691E9 /* OnboardingViewController.swift in Sources */,
				9F2EF6252C037B4600E20340 /* ProfileModels.swift in Sources */,
				9FE71D972BFF329400B691E9 /* SceneDelegate.swift in Sources */,
				9F2EF6112C0331D600E20340 /* RestaurantMenuViewController.swift in Sources */,
				9FE71DDB2BFF575000B691E9 /* OnboardingCoordinator.swift in Sources */,
				9F2EF6322C038A6600E20340 /* AddCreditCardViewController.swift in Sources */,
				9F8AB98E2C057428001E7B13 /* SignInModels.swift in Sources */,
				9F8AB9942C057B62001E7B13 /* CategoriesRequest.swift in Sources */,
				9FE71E2F2C02B7D900B691E9 /* FilteredRestaurantsViewController.swift in Sources */,
				9FE71DDD2BFF5B9100B691E9 /* HomeCoordinator.swift in Sources */,
				9FE71E2D2C02A76800B691E9 /* MapViewController.swift in Sources */,
				9F8AB98B2C05545C001E7B13 /* SignUpRequest.swift in Sources */,
				9F2EF62E2C03824800E20340 /* ChangePasswordViewController.swift in Sources */,
				9F8AB9892C055435001E7B13 /* SignUpModels.swift in Sources */,
			);
			runOnlyForDeploymentPostprocessing = 0;
		};
/* End PBXSourcesBuildPhase section */

/* Begin PBXVariantGroup section */
		9FE71DA22BFF329400B691E9 /* LaunchScreen.storyboard */ = {
			isa = PBXVariantGroup;
			children = (
				9FE71DA32BFF329400B691E9 /* Base */,
			);
			name = LaunchScreen.storyboard;
			sourceTree = "<group>";
		};
/* End PBXVariantGroup section */

/* Begin XCBuildConfiguration section */
		9FE71DA62BFF329400B691E9 /* Debug */ = {
			isa = XCBuildConfiguration;
			buildSettings = {
				ALWAYS_SEARCH_USER_PATHS = NO;
				ASSETCATALOG_COMPILER_GENERATE_SWIFT_ASSET_SYMBOL_EXTENSIONS = YES;
				CLANG_ANALYZER_NONNULL = YES;
				CLANG_ANALYZER_NUMBER_OBJECT_CONVERSION = YES_AGGRESSIVE;
				CLANG_CXX_LANGUAGE_STANDARD = "gnu++20";
				CLANG_ENABLE_MODULES = YES;
				CLANG_ENABLE_OBJC_ARC = YES;
				CLANG_ENABLE_OBJC_WEAK = YES;
				CLANG_WARN_BLOCK_CAPTURE_AUTORELEASING = YES;
				CLANG_WARN_BOOL_CONVERSION = YES;
				CLANG_WARN_COMMA = YES;
				CLANG_WARN_CONSTANT_CONVERSION = YES;
				CLANG_WARN_DEPRECATED_OBJC_IMPLEMENTATIONS = YES;
				CLANG_WARN_DIRECT_OBJC_ISA_USAGE = YES_ERROR;
				CLANG_WARN_DOCUMENTATION_COMMENTS = YES;
				CLANG_WARN_EMPTY_BODY = YES;
				CLANG_WARN_ENUM_CONVERSION = YES;
				CLANG_WARN_INFINITE_RECURSION = YES;
				CLANG_WARN_INT_CONVERSION = YES;
				CLANG_WARN_NON_LITERAL_NULL_CONVERSION = YES;
				CLANG_WARN_OBJC_IMPLICIT_RETAIN_SELF = YES;
				CLANG_WARN_OBJC_LITERAL_CONVERSION = YES;
				CLANG_WARN_OBJC_ROOT_CLASS = YES_ERROR;
				CLANG_WARN_QUOTED_INCLUDE_IN_FRAMEWORK_HEADER = YES;
				CLANG_WARN_RANGE_LOOP_ANALYSIS = YES;
				CLANG_WARN_STRICT_PROTOTYPES = YES;
				CLANG_WARN_SUSPICIOUS_MOVE = YES;
				CLANG_WARN_UNGUARDED_AVAILABILITY = YES_AGGRESSIVE;
				CLANG_WARN_UNREACHABLE_CODE = YES;
				CLANG_WARN__DUPLICATE_METHOD_MATCH = YES;
				COPY_PHASE_STRIP = NO;
				DEBUG_INFORMATION_FORMAT = dwarf;
				ENABLE_STRICT_OBJC_MSGSEND = YES;
				ENABLE_TESTABILITY = YES;
				ENABLE_USER_SCRIPT_SANDBOXING = YES;
				GCC_C_LANGUAGE_STANDARD = gnu17;
				GCC_DYNAMIC_NO_PIC = NO;
				GCC_NO_COMMON_BLOCKS = YES;
				GCC_OPTIMIZATION_LEVEL = 0;
				GCC_PREPROCESSOR_DEFINITIONS = (
					"DEBUG=1",
					"$(inherited)",
				);
				GCC_WARN_64_TO_32_BIT_CONVERSION = YES;
				GCC_WARN_ABOUT_RETURN_TYPE = YES_ERROR;
				GCC_WARN_UNDECLARED_SELECTOR = YES;
				GCC_WARN_UNINITIALIZED_AUTOS = YES_AGGRESSIVE;
				GCC_WARN_UNUSED_FUNCTION = YES;
				GCC_WARN_UNUSED_VARIABLE = YES;
				IPHONEOS_DEPLOYMENT_TARGET = 17.5;
				LOCALIZATION_PREFERS_STRING_CATALOGS = YES;
				MTL_ENABLE_DEBUG_INFO = INCLUDE_SOURCE;
				MTL_FAST_MATH = YES;
				ONLY_ACTIVE_ARCH = YES;
				SDKROOT = iphoneos;
				SWIFT_ACTIVE_COMPILATION_CONDITIONS = "DEBUG $(inherited)";
				SWIFT_OPTIMIZATION_LEVEL = "-Onone";
			};
			name = Debug;
		};
		9FE71DA72BFF329400B691E9 /* Release */ = {
			isa = XCBuildConfiguration;
			buildSettings = {
				ALWAYS_SEARCH_USER_PATHS = NO;
				ASSETCATALOG_COMPILER_GENERATE_SWIFT_ASSET_SYMBOL_EXTENSIONS = YES;
				CLANG_ANALYZER_NONNULL = YES;
				CLANG_ANALYZER_NUMBER_OBJECT_CONVERSION = YES_AGGRESSIVE;
				CLANG_CXX_LANGUAGE_STANDARD = "gnu++20";
				CLANG_ENABLE_MODULES = YES;
				CLANG_ENABLE_OBJC_ARC = YES;
				CLANG_ENABLE_OBJC_WEAK = YES;
				CLANG_WARN_BLOCK_CAPTURE_AUTORELEASING = YES;
				CLANG_WARN_BOOL_CONVERSION = YES;
				CLANG_WARN_COMMA = YES;
				CLANG_WARN_CONSTANT_CONVERSION = YES;
				CLANG_WARN_DEPRECATED_OBJC_IMPLEMENTATIONS = YES;
				CLANG_WARN_DIRECT_OBJC_ISA_USAGE = YES_ERROR;
				CLANG_WARN_DOCUMENTATION_COMMENTS = YES;
				CLANG_WARN_EMPTY_BODY = YES;
				CLANG_WARN_ENUM_CONVERSION = YES;
				CLANG_WARN_INFINITE_RECURSION = YES;
				CLANG_WARN_INT_CONVERSION = YES;
				CLANG_WARN_NON_LITERAL_NULL_CONVERSION = YES;
				CLANG_WARN_OBJC_IMPLICIT_RETAIN_SELF = YES;
				CLANG_WARN_OBJC_LITERAL_CONVERSION = YES;
				CLANG_WARN_OBJC_ROOT_CLASS = YES_ERROR;
				CLANG_WARN_QUOTED_INCLUDE_IN_FRAMEWORK_HEADER = YES;
				CLANG_WARN_RANGE_LOOP_ANALYSIS = YES;
				CLANG_WARN_STRICT_PROTOTYPES = YES;
				CLANG_WARN_SUSPICIOUS_MOVE = YES;
				CLANG_WARN_UNGUARDED_AVAILABILITY = YES_AGGRESSIVE;
				CLANG_WARN_UNREACHABLE_CODE = YES;
				CLANG_WARN__DUPLICATE_METHOD_MATCH = YES;
				COPY_PHASE_STRIP = NO;
				DEBUG_INFORMATION_FORMAT = "dwarf-with-dsym";
				ENABLE_NS_ASSERTIONS = NO;
				ENABLE_STRICT_OBJC_MSGSEND = YES;
				ENABLE_USER_SCRIPT_SANDBOXING = YES;
				GCC_C_LANGUAGE_STANDARD = gnu17;
				GCC_NO_COMMON_BLOCKS = YES;
				GCC_WARN_64_TO_32_BIT_CONVERSION = YES;
				GCC_WARN_ABOUT_RETURN_TYPE = YES_ERROR;
				GCC_WARN_UNDECLARED_SELECTOR = YES;
				GCC_WARN_UNINITIALIZED_AUTOS = YES_AGGRESSIVE;
				GCC_WARN_UNUSED_FUNCTION = YES;
				GCC_WARN_UNUSED_VARIABLE = YES;
				IPHONEOS_DEPLOYMENT_TARGET = 17.5;
				LOCALIZATION_PREFERS_STRING_CATALOGS = YES;
				MTL_ENABLE_DEBUG_INFO = NO;
				MTL_FAST_MATH = YES;
				SDKROOT = iphoneos;
				SWIFT_COMPILATION_MODE = wholemodule;
				VALIDATE_PRODUCT = YES;
			};
			name = Release;
		};
		9FE71DA92BFF329400B691E9 /* Debug */ = {
			isa = XCBuildConfiguration;
			buildSettings = {
				ASSETCATALOG_COMPILER_APPICON_NAME = AppIcon;
				ASSETCATALOG_COMPILER_GLOBAL_ACCENT_COLOR_NAME = AccentColor;
				CODE_SIGN_STYLE = Automatic;
				CURRENT_PROJECT_VERSION = 1;
				DEVELOPMENT_TEAM = S5BZSQ678A;
				GENERATE_INFOPLIST_FILE = YES;
				INFOPLIST_FILE = "Food-delivery/Info.plist";
				INFOPLIST_KEY_UIApplicationSupportsIndirectInputEvents = YES;
				INFOPLIST_KEY_UILaunchStoryboardName = LaunchScreen;
				INFOPLIST_KEY_UISupportedInterfaceOrientations = UIInterfaceOrientationPortrait;
				INFOPLIST_KEY_UISupportedInterfaceOrientations_iPad = "UIInterfaceOrientationLandscapeLeft UIInterfaceOrientationLandscapeRight UIInterfaceOrientationPortrait UIInterfaceOrientationPortraitUpsideDown";
				LD_RUNPATH_SEARCH_PATHS = (
					"$(inherited)",
					"@executable_path/Frameworks",
				);
				MARKETING_VERSION = 1.0;
				PRODUCT_BUNDLE_IDENTIFIER = "com.mukaramgaitova.Food-delivery";
				PRODUCT_NAME = "$(TARGET_NAME)";
				SWIFT_EMIT_LOC_STRINGS = YES;
				SWIFT_VERSION = 5.0;
				TARGETED_DEVICE_FAMILY = "1,2";
			};
			name = Debug;
		};
		9FE71DAA2BFF329400B691E9 /* Release */ = {
			isa = XCBuildConfiguration;
			buildSettings = {
				ASSETCATALOG_COMPILER_APPICON_NAME = AppIcon;
				ASSETCATALOG_COMPILER_GLOBAL_ACCENT_COLOR_NAME = AccentColor;
				CODE_SIGN_STYLE = Automatic;
				CURRENT_PROJECT_VERSION = 1;
				DEVELOPMENT_TEAM = S5BZSQ678A;
				GENERATE_INFOPLIST_FILE = YES;
				INFOPLIST_FILE = "Food-delivery/Info.plist";
				INFOPLIST_KEY_UIApplicationSupportsIndirectInputEvents = YES;
				INFOPLIST_KEY_UILaunchStoryboardName = LaunchScreen;
				INFOPLIST_KEY_UISupportedInterfaceOrientations = UIInterfaceOrientationPortrait;
				INFOPLIST_KEY_UISupportedInterfaceOrientations_iPad = "UIInterfaceOrientationLandscapeLeft UIInterfaceOrientationLandscapeRight UIInterfaceOrientationPortrait UIInterfaceOrientationPortraitUpsideDown";
				LD_RUNPATH_SEARCH_PATHS = (
					"$(inherited)",
					"@executable_path/Frameworks",
				);
				MARKETING_VERSION = 1.0;
				PRODUCT_BUNDLE_IDENTIFIER = "com.mukaramgaitova.Food-delivery";
				PRODUCT_NAME = "$(TARGET_NAME)";
				SWIFT_EMIT_LOC_STRINGS = YES;
				SWIFT_VERSION = 5.0;
				TARGETED_DEVICE_FAMILY = "1,2";
			};
			name = Release;
		};
/* End XCBuildConfiguration section */

/* Begin XCConfigurationList section */
		9FE71D8C2BFF329400B691E9 /* Build configuration list for PBXProject "Food-delivery" */ = {
			isa = XCConfigurationList;
			buildConfigurations = (
				9FE71DA62BFF329400B691E9 /* Debug */,
				9FE71DA72BFF329400B691E9 /* Release */,
			);
			defaultConfigurationIsVisible = 0;
			defaultConfigurationName = Release;
		};
		9FE71DA82BFF329400B691E9 /* Build configuration list for PBXNativeTarget "Food-delivery" */ = {
			isa = XCConfigurationList;
			buildConfigurations = (
				9FE71DA92BFF329400B691E9 /* Debug */,
				9FE71DAA2BFF329400B691E9 /* Release */,
			);
			defaultConfigurationIsVisible = 0;
			defaultConfigurationName = Release;
		};
/* End XCConfigurationList section */

/* Begin XCRemoteSwiftPackageReference section */
		9FE71E162C02432F00B691E9 /* XCRemoteSwiftPackageReference "firebase-ios-sdk" */ = {
			isa = XCRemoteSwiftPackageReference;
			repositoryURL = "https://github.com/firebase/firebase-ios-sdk";
			requirement = {
				kind = upToNextMajorVersion;
				minimumVersion = 10.26.0;
			};
		};
/* End XCRemoteSwiftPackageReference section */

/* Begin XCVersionGroup section */
		9FE71D9D2BFF329400B691E9 /* Food_delivery.xcdatamodeld */ = {
			isa = XCVersionGroup;
			children = (
				9FE71D9E2BFF329400B691E9 /* Food_delivery.xcdatamodel */,
			);
			currentVersion = 9FE71D9E2BFF329400B691E9 /* Food_delivery.xcdatamodel */;
			path = Food_delivery.xcdatamodeld;
			sourceTree = "<group>";
			versionGroupType = wrapper.xcdatamodel;
		};
/* End XCVersionGroup section */
	};
	rootObject = 9FE71D892BFF329400B691E9 /* Project object */;
}
